
Microsoft Visual Studio Solution File, Format Version 12.00
# Visual Studio Version 17
VisualStudioVersion = 17.5.33414.496
MinimumVisualStudioVersion = 10.0.40219.1
Project("{FAE04EC0-301F-11D3-BF4B-00C04F79EFBC}") = "momobookEstudo3", "momobookEstudo3.csproj", "{69AA62C3-E959-40DC-8673-E9268DC249C1}"
EndProject
Global
	GlobalSection(SolutionConfigurationPlatforms) = preSolution
		Debug|Any CPU = Debug|Any CPU
		Release|Any CPU = Release|Any CPU
	EndGlobalSection
	GlobalSection(ProjectConfigurationPlatforms) = postSolution
		{69AA62C3-E959-40DC-8673-E9268DC249C1}.Debug|Any CPU.ActiveCfg = Debug|Any CPU
		{69AA62C3-E959-40DC-8673-E9268DC249C1}.Debug|Any CPU.Build.0 = Debug|Any CPU
		{69AA62C3-E959-40DC-8673-E9268DC249C1}.Release|Any CPU.ActiveCfg = Release|Any CPU
		{69AA62C3-E959-40DC-8673-E9268DC249C1}.Release|Any CPU.Build.0 = Release|Any CPU
	EndGlobalSection
	GlobalSection(SolutionProperties) = preSolution
		HideSolutionNode = FALSE
	EndGlobalSection
	GlobalSection(ExtensibilityGlobals) = postSolution
		SolutionGuid = {AC7D0FC5-9635-4DA5-B3CA-3D2CA6C77E19}
	EndGlobalSection
EndGlobal
